
Microsoft Visual Studio Solution File, Format Version 12.00
# Visual Studio 2013
VisualStudioVersion = 12.0.31101.0
MinimumVisualStudioVersion = 10.0.40219.1
Project("{FAE04EC0-301F-11D3-BF4B-00C04F79EFBC}") = "SmartRoom.Web", "SmartRoomSolution\SmartRoom.Web.csproj", "{6E355644-1A7C-4705-9E9B-1E624AB202A9}"
	ProjectSection(ProjectDependencies) = postProject
		{612DEC73-286C-403A-ABDE-145B7C9430DA} = {612DEC73-286C-403A-ABDE-145B7C9430DA}
	EndProjectSection
EndProject
Project("{FAE04EC0-301F-11D3-BF4B-00C04F79EFBC}") = "SmartRoom.Model", "SmartRoom.Model\SmartRoom.Model.csproj", "{612DEC73-286C-403A-ABDE-145B7C9430DA}"
EndProject
Global
	GlobalSection(SolutionConfigurationPlatforms) = preSolution
		Debug|Any CPU = Debug|Any CPU
		Release|Any CPU = Release|Any CPU
	EndGlobalSection
	GlobalSection(ProjectConfigurationPlatforms) = postSolution
		{6E355644-1A7C-4705-9E9B-1E624AB202A9}.Debug|Any CPU.ActiveCfg = Debug|Any CPU
		{6E355644-1A7C-4705-9E9B-1E624AB202A9}.Debug|Any CPU.Build.0 = Debug|Any CPU
		{6E355644-1A7C-4705-9E9B-1E624AB202A9}.Release|Any CPU.ActiveCfg = Release|Any CPU
		{6E355644-1A7C-4705-9E9B-1E624AB202A9}.Release|Any CPU.Build.0 = Release|Any CPU
		{612DEC73-286C-403A-ABDE-145B7C9430DA}.Debug|Any CPU.ActiveCfg = Debug|Any CPU
		{612DEC73-286C-403A-ABDE-145B7C9430DA}.Debug|Any CPU.Build.0 = Debug|Any CPU
		{612DEC73-286C-403A-ABDE-145B7C9430DA}.Release|Any CPU.ActiveCfg = Release|Any CPU
		{612DEC73-286C-403A-ABDE-145B7C9430DA}.Release|Any CPU.Build.0 = Release|Any CPU
	EndGlobalSection
	GlobalSection(SolutionProperties) = preSolution
		HideSolutionNode = FALSE
	EndGlobalSection
EndGlobal
